
Microsoft Visual Studio Solution File, Format Version 12.00
# Visual Studio Version 17
VisualStudioVersion = 17.0.31903.59
MinimumVisualStudioVersion = 10.0.40219.1
Project("{2150E333-8FDC-42A3-9474-1A3956D46DE8}") = "src", "src", "{827E0CD3-B72D-47B6-A68D-7590B98EB39B}"
EndProject
Project("{FAE04EC0-301F-11D3-BF4B-00C04F79EFBC}") = "Domain", "src\Domain\Domain.csproj", "{902DE1D9-DB78-49E0-B99B-15151F07DF34}"
EndProject
Project("{FAE04EC0-301F-11D3-BF4B-00C04F79EFBC}") = "Ext.Contracts", "src\Ext.Contracts\Ext.Contracts.csproj", "{CC19D996-AB40-495C-B35D-8721ABBE9D55}"
EndProject
Project("{FAE04EC0-301F-11D3-BF4B-00C04F79EFBC}") = "Ext.Adapters", "src\Ext.Adapters\Ext.Adapters.csproj", "{F717CC1A-71D3-4BF5-99EF-8C7B5B705C16}"
EndProject
Project("{FAE04EC0-301F-11D3-BF4B-00C04F79EFBC}") = "App", "src\App\App.csproj", "{51D5BB9A-5D76-4BC2-9E27-7A7833D4EFF4}"
EndProject
Project("{FAE04EC0-301F-11D3-BF4B-00C04F79EFBC}") = "Unreachable", "src\Unreachable\Unreachable.csproj", "{3F6E76CC-0DE0-461B-A59A-3B09230A9829}"
EndProject
Project("{FAE04EC0-301F-11D3-BF4B-00C04F79EFBC}") = "App.Tests", "tests\App.Tests\App.Tests.csproj", "{B863C452-4CD0-4024-80EE-9390114A2EF4}"
EndProject
Global
	GlobalSection(SolutionConfigurationPlatforms) = preSolution
		Debug|Any CPU = Debug|Any CPU
		Debug|x64 = Debug|x64
		Debug|x86 = Debug|x86
		Release|Any CPU = Release|Any CPU
		Release|x64 = Release|x64
		Release|x86 = Release|x86
	EndGlobalSection
	GlobalSection(ProjectConfigurationPlatforms) = postSolution
		{902DE1D9-DB78-49E0-B99B-15151F07DF34}.Debug|Any CPU.ActiveCfg = Debug|Any CPU
		{902DE1D9-DB78-49E0-B99B-15151F07DF34}.Debug|Any CPU.Build.0 = Debug|Any CPU
		{902DE1D9-DB78-49E0-B99B-15151F07DF34}.Debug|x64.ActiveCfg = Debug|Any CPU
		{902DE1D9-DB78-49E0-B99B-15151F07DF34}.Debug|x64.Build.0 = Debug|Any CPU
		{902DE1D9-DB78-49E0-B99B-15151F07DF34}.Debug|x86.ActiveCfg = Debug|Any CPU
		{902DE1D9-DB78-49E0-B99B-15151F07DF34}.Debug|x86.Build.0 = Debug|Any CPU
		{902DE1D9-DB78-49E0-B99B-15151F07DF34}.Release|Any CPU.ActiveCfg = Release|Any CPU
		{902DE1D9-DB78-49E0-B99B-15151F07DF34}.Release|Any CPU.Build.0 = Release|Any CPU
		{902DE1D9-DB78-49E0-B99B-15151F07DF34}.Release|x64.ActiveCfg = Release|Any CPU
		{902DE1D9-DB78-49E0-B99B-15151F07DF34}.Release|x64.Build.0 = Release|Any CPU
		{902DE1D9-DB78-49E0-B99B-15151F07DF34}.Release|x86.ActiveCfg = Release|Any CPU
		{902DE1D9-DB78-49E0-B99B-15151F07DF34}.Release|x86.Build.0 = Release|Any CPU
		{CC19D996-AB40-495C-B35D-8721ABBE9D55}.Debug|Any CPU.ActiveCfg = Debug|Any CPU
		{CC19D996-AB40-495C-B35D-8721ABBE9D55}.Debug|Any CPU.Build.0 = Debug|Any CPU
		{CC19D996-AB40-495C-B35D-8721ABBE9D55}.Debug|x64.ActiveCfg = Debug|Any CPU
		{CC19D996-AB40-495C-B35D-8721ABBE9D55}.Debug|x64.Build.0 = Debug|Any CPU
		{CC19D996-AB40-495C-B35D-8721ABBE9D55}.Debug|x86.ActiveCfg = Debug|Any CPU
		{CC19D996-AB40-495C-B35D-8721ABBE9D55}.Debug|x86.Build.0 = Debug|Any CPU
		{CC19D996-AB40-495C-B35D-8721ABBE9D55}.Release|Any CPU.ActiveCfg = Release|Any CPU
		{CC19D996-AB40-495C-B35D-8721ABBE9D55}.Release|Any CPU.Build.0 = Release|Any CPU
		{CC19D996-AB40-495C-B35D-8721ABBE9D55}.Release|x64.ActiveCfg = Release|Any CPU
		{CC19D996-AB40-495C-B35D-8721ABBE9D55}.Release|x64.Build.0 = Release|Any CPU
		{CC19D996-AB40-495C-B35D-8721ABBE9D55}.Release|x86.ActiveCfg = Release|Any CPU
		{CC19D996-AB40-495C-B35D-8721ABBE9D55}.Release|x86.Build.0 = Release|Any CPU
		{F717CC1A-71D3-4BF5-99EF-8C7B5B705C16}.Debug|Any CPU.ActiveCfg = Debug|Any CPU
		{F717CC1A-71D3-4BF5-99EF-8C7B5B705C16}.Debug|Any CPU.Build.0 = Debug|Any CPU
		{F717CC1A-71D3-4BF5-99EF-8C7B5B705C16}.Debug|x64.ActiveCfg = Debug|Any CPU
		{F717CC1A-71D3-4BF5-99EF-8C7B5B705C16}.Debug|x64.Build.0 = Debug|Any CPU
		{F717CC1A-71D3-4BF5-99EF-8C7B5B705C16}.Debug|x86.ActiveCfg = Debug|Any CPU
		{F717CC1A-71D3-4BF5-99EF-8C7B5B705C16}.Debug|x86.Build.0 = Debug|Any CPU
		{F717CC1A-71D3-4BF5-99EF-8C7B5B705C16}.Release|Any CPU.ActiveCfg = Release|Any CPU
		{F717CC1A-71D3-4BF5-99EF-8C7B5B705C16}.Release|Any CPU.Build.0 = Release|Any CPU
		{F717CC1A-71D3-4BF5-99EF-8C7B5B705C16}.Release|x64.ActiveCfg = Release|Any CPU
		{F717CC1A-71D3-4BF5-99EF-8C7B5B705C16}.Release|x64.Build.0 = Release|Any CPU
		{F717CC1A-71D3-4BF5-99EF-8C7B5B705C16}.Release|x86.ActiveCfg = Release|Any CPU
		{F717CC1A-71D3-4BF5-99EF-8C7B5B705C16}.Release|x86.Build.0 = Release|Any CPU
		{51D5BB9A-5D76-4BC2-9E27-7A7833D4EFF4}.Debug|Any CPU.ActiveCfg = Debug|Any CPU
		{51D5BB9A-5D76-4BC2-9E27-7A7833D4EFF4}.Debug|Any CPU.Build.0 = Debug|Any CPU
		{51D5BB9A-5D76-4BC2-9E27-7A7833D4EFF4}.Debug|x64.ActiveCfg = Debug|Any CPU
		{51D5BB9A-5D76-4BC2-9E27-7A7833D4EFF4}.Debug|x64.Build.0 = Debug|Any CPU
		{51D5BB9A-5D76-4BC2-9E27-7A7833D4EFF4}.Debug|x86.ActiveCfg = Debug|Any CPU
		{51D5BB9A-5D76-4BC2-9E27-7A7833D4EFF4}.Debug|x86.Build.0 = Debug|Any CPU
		{51D5BB9A-5D76-4BC2-9E27-7A7833D4EFF4}.Release|Any CPU.ActiveCfg = Release|Any CPU
		{51D5BB9A-5D76-4BC2-9E27-7A7833D4EFF4}.Release|Any CPU.Build.0 = Release|Any CPU
		{51D5BB9A-5D76-4BC2-9E27-7A7833D4EFF4}.Release|x64.ActiveCfg = Release|Any CPU
		{51D5BB9A-5D76-4BC2-9E27-7A7833D4EFF4}.Release|x64.Build.0 = Release|Any CPU
		{51D5BB9A-5D76-4BC2-9E27-7A7833D4EFF4}.Release|x86.ActiveCfg = Release|Any CPU
		{51D5BB9A-5D76-4BC2-9E27-7A7833D4EFF4}.Release|x86.Build.0 = Release|Any CPU
		{3F6E76CC-0DE0-461B-A59A-3B09230A9829}.Debug|Any CPU.ActiveCfg = Debug|Any CPU
		{3F6E76CC-0DE0-461B-A59A-3B09230A9829}.Debug|Any CPU.Build.0 = Debug|Any CPU
		{3F6E76CC-0DE0-461B-A59A-3B09230A9829}.Debug|x64.ActiveCfg = Debug|Any CPU
		{3F6E76CC-0DE0-461B-A59A-3B09230A9829}.Debug|x64.Build.0 = Debug|Any CPU
		{3F6E76CC-0DE0-461B-A59A-3B09230A9829}.Debug|x86.ActiveCfg = Debug|Any CPU
		{3F6E76CC-0DE0-461B-A59A-3B09230A9829}.Debug|x86.Build.0 = Debug|Any CPU
		{3F6E76CC-0DE0-461B-A59A-3B09230A9829}.Release|Any CPU.ActiveCfg = Release|Any CPU
		{3F6E76CC-0DE0-461B-A59A-3B09230A9829}.Release|Any CPU.Build.0 = Release|Any CPU
		{3F6E76CC-0DE0-461B-A59A-3B09230A9829}.Release|x64.ActiveCfg = Release|Any CPU
		{3F6E76CC-0DE0-461B-A59A-3B09230A9829}.Release|x64.Build.0 = Release|Any CPU
		{3F6E76CC-0DE0-461B-A59A-3B09230A9829}.Release|x86.ActiveCfg = Release|Any CPU
		{3F6E76CC-0DE0-461B-A59A-3B09230A9829}.Release|x86.Build.0 = Release|Any CPU
		{B863C452-4CD0-4024-80EE-9390114A2EF4}.Debug|Any CPU.ActiveCfg = Debug|Any CPU
		{B863C452-4CD0-4024-80EE-9390114A2EF4}.Debug|Any CPU.Build.0 = Debug|Any CPU
		{B863C452-4CD0-4024-80EE-9390114A2EF4}.Debug|x64.ActiveCfg = Debug|Any CPU
		{B863C452-4CD0-4024-80EE-9390114A2EF4}.Debug|x64.Build.0 = Debug|Any CPU
		{B863C452-4CD0-4024-80EE-9390114A2EF4}.Debug|x86.ActiveCfg = Debug|Any CPU
		{B863C452-4CD0-4024-80EE-9390114A2EF4}.Debug|x86.Build.0 = Debug|Any CPU
		{B863C452-4CD0-4024-80EE-9390114A2EF4}.Release|Any CPU.ActiveCfg = Release|Any CPU
		{B863C452-4CD0-4024-80EE-9390114A2EF4}.Release|Any CPU.Build.0 = Release|Any CPU
		{B863C452-4CD0-4024-80EE-9390114A2EF4}.Release|x64.ActiveCfg = Release|Any CPU
		{B863C452-4CD0-4024-80EE-9390114A2EF4}.Release|x64.Build.0 = Release|Any CPU
		{B863C452-4CD0-4024-80EE-9390114A2EF4}.Release|x86.ActiveCfg = Release|Any CPU
		{B863C452-4CD0-4024-80EE-9390114A2EF4}.Release|x86.Build.0 = Release|Any CPU
	EndGlobalSection
	GlobalSection(SolutionProperties) = preSolution
		HideSolutionNode = FALSE
	EndGlobalSection
	GlobalSection(NestedProjects) = preSolution
		{902DE1D9-DB78-49E0-B99B-15151F07DF34} = {827E0CD3-B72D-47B6-A68D-7590B98EB39B}
		{CC19D996-AB40-495C-B35D-8721ABBE9D55} = {827E0CD3-B72D-47B6-A68D-7590B98EB39B}
		{F717CC1A-71D3-4BF5-99EF-8C7B5B705C16} = {827E0CD3-B72D-47B6-A68D-7590B98EB39B}
		{51D5BB9A-5D76-4BC2-9E27-7A7833D4EFF4} = {827E0CD3-B72D-47B6-A68D-7590B98EB39B}
		{3F6E76CC-0DE0-461B-A59A-3B09230A9829} = {827E0CD3-B72D-47B6-A68D-7590B98EB39B}
		{B863C452-4CD0-4024-80EE-9390114A2EF4} = {827E0CD3-B72D-47B6-A68D-7590B98EB39B}
	EndGlobalSection
EndGlobal
